{
  "name": "promise",
  "version": "0.0.0",
  "lockfileVersion": 1,
  "requires": true,
  "dependencies": {
    "@babel/parser": {
      "version": "7.16.3",
      "resolved": "http://af.hikvision.com.cn:80/artifactory/api/npm/npm-down/@babel/parser/-/parser-7.16.3.tgz",
      "integrity": "sha1-Jxuvy4EQgJBaEZIi7bwXkJyCJh0="
    },
    "@vitejs/plugin-vue": {
      "version": "1.9.4",
      "resolved": "http://af.hikvision.com.cn:80/artifactory/api/npm/npm-down/@vitejs/plugin-vue/-/plugin-vue-1.9.4.tgz",
      "integrity": "sha1-T0hIVDLLuYap+50lTcM84w3cy/o=",
      "dev": true
    },
    "@vue/compiler-core": {
      "version": "3.2.22",
      "resolved": "http://af.hikvision.com.cn:80/artifactory/api/npm/npm-down/@vue/compiler-core/-/compiler-core-3.2.22.tgz",
      "integrity": "sha1-Xj07mDzH9DDdvGqHc8hy3PQQ3Ik=",
      "requires": {
        "@babel/parser": "^7.15.0",
        "@vue/shared": "3.2.22",
        "estree-walker": "^2.0.2",
        "source-map": "^0.6.1"
      }
    },
    "@vue/compiler-dom": {
      "version": "3.2.22",
      "resolved": "http://af.hikvision.com.cn:80/artifactory/api/npm/npm-down/@vue/compiler-dom/-/compiler-dom-3.2.22.tgz",
      "integrity": "sha1-IhzDWKbAZRwE4d0iqEcLIeVu4aU=",
      "requires": {
        "@vue/compiler-core": "3.2.22",
        "@vue/shared": "3.2.22"
      }
    },
    "@vue/compiler-sfc": {
      "version": "3.2.22",
      "resolved": "http://af.hikvision.com.cn:80/artifactory/api/npm/npm-down/@vue/compiler-sfc/-/compiler-sfc-3.2.22.tgz",
      "integrity": "sha1-/9Dl41R5tq3hjRL+/sNpy68vdxg=",
      "requires": {
        "@babel/parser": "^7.15.0",
        "@vue/compiler-core": "3.2.22",
        "@vue/compiler-dom": "3.2.22",
        "@vue/compiler-ssr": "3.2.22",
        "@vue/ref-transform": "3.2.22",
        "@vue/shared": "3.2.22",
        "estree-walker": "^2.0.2",
        "magic-string": "^0.25.7",
        "postcss": "^8.1.10",
        "source-map": "^0.6.1"
      }
    },
    "@vue/compiler-ssr": {
      "version": "3.2.22",
      "resolved": "http://af.hikvision.com.cn:80/artifactory/api/npm/npm-down/@vue/compiler-ssr/-/compiler-ssr-3.2.22.tgz",
      "integrity": "sha1-I1UsMbdrRbr18kRxPIHXerWUR9I=",
      "requires": {
        "@vue/compiler-dom": "3.2.22",
        "@vue/shared": "3.2.22"
      }
    },
    "@vue/reactivity": {
      "version": "3.2.22",
      "resolved": "http://af.hikvision.com.cn:80/artifactory/api/npm/npm-down/@vue/reactivity/-/reactivity-3.2.22.tgz",
      "integrity": "sha1-iGVcC0/rxWETbmVQ4ykDn4YMqgo=",
      "requires": {
        "@vue/shared": "3.2.22"
      }
    },
    "@vue/ref-transform": {
      "version": "3.2.22",
      "resolved": "http://af.hikvision.com.cn:80/artifactory/api/npm/npm-down/@vue/ref-transform/-/ref-transform-3.2.22.tgz",
      "integrity": "sha1-FrA5lOrHFSjM7/TPdheO2bRKyQo=",
      "requires": {
        "@babel/parser": "^7.15.0",
        "@vue/compiler-core": "3.2.22",
        "@vue/shared": "3.2.22",
        "estree-walker": "^2.0.2",
        "magic-string": "^0.25.7"
      }
    },
    "@vue/runtime-core": {
      "version": "3.2.22",
      "resolved": "http://af.hikvision.com.cn:80/artifactory/api/npm/npm-down/@vue/runtime-core/-/runtime-core-3.2.22.tgz",
      "integrity": "sha1-ER8byX8gJJ4FyiGJhW2ZyC1y3jI=",
      "requires": {
        "@vue/reactivity": "3.2.22",
        "@vue/shared": "3.2.22"
      }
    },
    "@vue/runtime-dom": {
      "version": "3.2.22",
      "resolved": "http://af.hikvision.com.cn:80/artifactory/api/npm/npm-down/@vue/runtime-dom/-/runtime-dom-3.2.22.tgz",
      "integrity": "sha1-wR113VE3XuTHTjOfZSPKBeN/qjc=",
      "requires": {
        "@vue/runtime-core": "3.2.22",
        "@vue/shared": "3.2.22",
        "csstype": "^2.6.8"
      }
    },
    "@vue/server-renderer": {
      "version": "3.2.22",
      "resolved": "http://af.hikvision.com.cn:80/artifactory/api/npm/npm-down/@vue/server-renderer/-/server-renderer-3.2.22.tgz",
      "integrity": "sha1-BJyRpJXLD82sAt7EhcMcuZQQiF8=",
      "requires": {
        "@vue/compiler-ssr": "3.2.22",
        "@vue/shared": "3.2.22"
      }
    },
    "@vue/shared": {
      "version": "3.2.22",
      "resolved": "http://af.hikvision.com.cn:80/artifactory/api/npm/npm-down/@vue/shared/-/shared-3.2.22.tgz",
      "integrity": "sha1-Jty+XlMPbB8t5cqa6rkqsA9SO0E="
    },
    "available-typed-arrays": {
      "version": "1.0.5",
      "resolved": "http://af.hikvision.com.cn:80/artifactory/api/npm/npm-down/available-typed-arrays/-/available-typed-arrays-1.0.5.tgz",
      "integrity": "sha1-kvlWFlAQadB9EO2y/DfT4cZRI7c=",
      "dev": true
    },
    "call-bind": {
      "version": "1.0.2",
      "resolved": "http://af.hikvision.com.cn:80/artifactory/api/npm/npm-down/call-bind/-/call-bind-1.0.2.tgz",
      "integrity": "sha1-sdTonmiBGcPJqQOtMKuy9qkZvjw=",
      "dev": true,
      "requires": {
        "function-bind": "^1.1.1",
        "get-intrinsic": "^1.0.2"
      }
    },
    "commander": {
      "version": "2.3.0",
      "resolved": "http://af.hikvision.com.cn:80/artifactory/api/npm/npm-down/commander/-/commander-2.3.0.tgz",
      "integrity": "sha1-/UMOiJgy7DU7ms0d4hfBHLPu+HM=",
      "dev": true
    },
    "csstype": {
      "version": "2.6.18",
      "resolved": "http://af.hikvision.com.cn:80/artifactory/api/npm/npm-down/csstype/-/csstype-2.6.18.tgz",
      "integrity": "sha1-mAqLUwhfNK8xNBCvBk8r0kF4Qhg="
    },
    "debug": {
      "version": "2.2.0",
      "resolved": "http://af.hikvision.com.cn:80/artifactory/api/npm/npm-down/debug/-/debug-2.2.0.tgz",
      "integrity": "sha1-+HBX6ZWxofauaklgZkE3vFbwOdo=",
      "dev": true,
      "requires": {
        "ms": "0.7.1"
      }
    },
    "define-properties": {
      "version": "1.1.3",
      "resolved": "http://af.hikvision.com.cn:80/artifactory/api/npm/npm-down/define-properties/-/define-properties-1.1.3.tgz",
      "integrity": "sha1-z4jabL7ib+bbcJT2HYcMvYTO6fE=",
      "dev": true,
      "requires": {
        "object-keys": "^1.0.12"
      }
    },
    "diff": {
      "version": "1.4.0",
      "resolved": "http://af.hikvision.com.cn:80/artifactory/api/npm/npm-down/diff/-/diff-1.4.0.tgz",
      "integrity": "sha1-fyjS657nsVqX79ic5j3P2qPMur8=",
      "dev": true
    },
    "es-abstract": {
      "version": "1.19.1",
      "resolved": "http://af.hikvision.com.cn:80/artifactory/api/npm/npm-down/es-abstract/-/es-abstract-1.19.1.tgz",
      "integrity": "sha1-1IhXlodpFpWd547aoN9FZicRXsM=",
      "dev": true,
      "requires": {
        "call-bind": "^1.0.2",
        "es-to-primitive": "^1.2.1",
        "function-bind": "^1.1.1",
        "get-intrinsic": "^1.1.1",
        "get-symbol-description": "^1.0.0",
        "has": "^1.0.3",
        "has-symbols": "^1.0.2",
        "internal-slot": "^1.0.3",
        "is-callable": "^1.2.4",
        "is-negative-zero": "^2.0.1",
        "is-regex": "^1.1.4",
        "is-shared-array-buffer": "^1.0.1",
        "is-string": "^1.0.7",
        "is-weakref": "^1.0.1",
        "object-inspect": "^1.11.0",
        "object-keys": "^1.1.1",
        "object.assign": "^4.1.2",
        "string.prototype.trimend": "^1.0.4",
        "string.prototype.trimstart": "^1.0.4",
        "unbox-primitive": "^1.0.1"
      }
    },
    "es-to-primitive": {
      "version": "1.2.1",
      "resolved": "http://af.hikvision.com.cn:80/artifactory/api/npm/npm-down/es-to-primitive/-/es-to-primitive-1.2.1.tgz",
      "integrity": "sha1-5VzUyc3BiLzvsDs2bHNjI/xciYo=",
      "dev": true,
      "requires": {
        "is-callable": "^1.1.4",
        "is-date-object": "^1.0.1",
        "is-symbol": "^1.0.2"
      }
    },
    "esbuild": {
      "version": "0.13.13",
      "resolved": "http://af.hikvision.com.cn:80/artifactory/api/npm/npm-down/esbuild/-/esbuild-0.13.13.tgz",
      "integrity": "sha1-C1OZwg8hn2Y8jBBIQ2+w9ZqxekE=",
      "dev": true,
      "requires": {
        "esbuild-android-arm64": "0.13.13",
        "esbuild-darwin-64": "0.13.13",
        "esbuild-darwin-arm64": "0.13.13",
        "esbuild-freebsd-64": "0.13.13",
        "esbuild-freebsd-arm64": "0.13.13",
        "esbuild-linux-32": "0.13.13",
        "esbuild-linux-64": "0.13.13",
        "esbuild-linux-arm": "0.13.13",
        "esbuild-linux-arm64": "0.13.13",
        "esbuild-linux-mips64le": "0.13.13",
        "esbuild-linux-ppc64le": "0.13.13",
        "esbuild-netbsd-64": "0.13.13",
        "esbuild-openbsd-64": "0.13.13",
        "esbuild-sunos-64": "0.13.13",
        "esbuild-windows-32": "0.13.13",
        "esbuild-windows-64": "0.13.13",
        "esbuild-windows-arm64": "0.13.13"
      }
    },
    "esbuild-android-arm64": {
      "version": "0.13.13",
      "resolved": "http://af.hikvision.com.cn:80/artifactory/api/npm/npm-down/esbuild-android-arm64/-/esbuild-android-arm64-0.13.13.tgz",
      "integrity": "sha1-2ge1+y2vfYPc1yX3z1imdY5ucCo=",
      "dev": true,
      "optional": true
    },
    "esbuild-darwin-64": {
      "version": "0.13.13",
      "resolved": "http://af.hikvision.com.cn:80/artifactory/api/npm/npm-down/esbuild-darwin-64/-/esbuild-darwin-64-0.13.13.tgz",
      "integrity": "sha1-6U6f07S1RVouZ1zQhKGacbaQS78=",
      "dev": true,
      "optional": true
    },
    "esbuild-darwin-arm64": {
      "version": "0.13.13",
      "resolved": "http://af.hikvision.com.cn:80/artifactory/api/npm/npm-down/esbuild-darwin-arm64/-/esbuild-darwin-arm64-0.13.13.tgz",
      "integrity": "sha1-jDIOr7s7oscNgGISjFtxUD40JHE=",
      "dev": true,
      "optional": true
    },
    "esbuild-freebsd-64": {
      "version": "0.13.13",
      "resolved": "http://af.hikvision.com.cn:80/artifactory/api/npm/npm-down/esbuild-freebsd-64/-/esbuild-freebsd-64-0.13.13.tgz",
      "integrity": "sha1-zgyluMTCdM/ryTJvmzFoNL2d0VE=",
      "dev": true,
      "optional": true
    },
    "esbuild-freebsd-arm64": {
      "version": "0.13.13",
      "resolved": "http://af.hikvision.com.cn:80/artifactory/api/npm/npm-down/esbuild-freebsd-arm64/-/esbuild-freebsd-arm64-0.13.13.tgz",
      "integrity": "sha1-Rj2hdWL9z98Ds7lLKEl9jY3Mj2I=",
      "dev": true,
      "optional": true
    },
    "esbuild-linux-32": {
      "version": "0.13.13",
      "resolved": "http://af.hikvision.com.cn:80/artifactory/api/npm/npm-down/esbuild-linux-32/-/esbuild-linux-32-0.13.13.tgz",
      "integrity": "sha1-IDV5MWDaLEvkipKeW6+xSjF4msw=",
      "dev": true,
      "optional": true
    },
    "esbuild-linux-64": {
      "version": "0.13.13",
      "resolved": "http://af.hikvision.com.cn:80/artifactory/api/npm/npm-down/esbuild-linux-64/-/esbuild-linux-64-0.13.13.tgz",
      "integrity": "sha1-++SAKoFoxtM50HSfl3sJlEm1byI=",
      "dev": true,
      "optional": true
    },
    "esbuild-linux-arm": {
      "version": "0.13.13",
      "resolved": "http://af.hikvision.com.cn:80/artifactory/api/npm/npm-down/esbuild-linux-arm/-/esbuild-linux-arm-0.13.13.tgz",
      "integrity": "sha1-b5aMOpi2TjDICyEjhBktDPyzLn8=",
      "dev": true,
      "optional": true
    },
    "esbuild-linux-arm64": {
      "version": "0.13.13",
      "resolved": "http://af.hikvision.com.cn:80/artifactory/api/npm/npm-down/esbuild-linux-arm64/-/esbuild-linux-arm64-0.13.13.tgz",
      "integrity": "sha1-8I2Y3yjUNu1KrRUpYVgiu3TU2Xg=",
      "dev": true,
      "optional": true
    },
    "esbuild-linux-mips64le": {
      "version": "0.13.13",
      "resolved": "http://af.hikvision.com.cn:80/artifactory/api/npm/npm-down/esbuild-linux-mips64le/-/esbuild-linux-mips64le-0.13.13.tgz",
      "integrity": "sha1-aQx43Ecl7+fQahQxKHlm+/d3TH8=",
      "dev": true,
      "optional": true
    },
    "esbuild-linux-ppc64le": {
      "version": "0.13.13",
      "resolved": "http://af.hikvision.com.cn:80/artifactory/api/npm/npm-down/esbuild-linux-ppc64le/-/esbuild-linux-ppc64le-0.13.13.tgz",
      "integrity": "sha1-fskEhQLeRnVFZ+c0queuvS323wI=",
      "dev": true,
      "optional": true
    },
    "esbuild-netbsd-64": {
      "version": "0.13.13",
      "resolved": "http://af.hikvision.com.cn:80/artifactory/api/npm/npm-down/esbuild-netbsd-64/-/esbuild-netbsd-64-0.13.13.tgz",
      "integrity": "sha1-Q5va7/+gOo+oQyT12D1jb1SKLeM=",
      "dev": true,
      "optional": true
    },
    "esbuild-openbsd-64": {
      "version": "0.13.13",
      "resolved": "http://af.hikvision.com.cn:80/artifactory/api/npm/npm-down/esbuild-openbsd-64/-/esbuild-openbsd-64-0.13.13.tgz",
      "integrity": "sha1-yZWOUpGgCjCQwexILWvN8tW10Qc=",
      "dev": true,
      "optional": true
    },
    "esbuild-sunos-64": {
      "version": "0.13.13",
      "resolved": "http://af.hikvision.com.cn:80/artifactory/api/npm/npm-down/esbuild-sunos-64/-/esbuild-sunos-64-0.13.13.tgz",
      "integrity": "sha1-rJ6tgoc3nNL20AvTjFmX/anBF54=",
      "dev": true,
      "optional": true
    },
    "esbuild-windows-32": {
      "version": "0.13.13",
      "resolved": "http://af.hikvision.com.cn:80/artifactory/api/npm/npm-down/esbuild-windows-32/-/esbuild-windows-32-0.13.13.tgz",
      "integrity": "sha1-o4IPyGYxyllMt7NIUUtcw/BYz9Y=",
      "dev": true,
      "optional": true
    },
    "esbuild-windows-64": {
      "version": "0.13.13",
      "resolved": "http://af.hikvision.com.cn:80/artifactory/api/npm/npm-down/esbuild-windows-64/-/esbuild-windows-64-0.13.13.tgz",
      "integrity": "sha1-HadIRB8ijXXf9HTdt9WEuBiHMjw=",
      "dev": true,
      "optional": true
    },
    "esbuild-windows-arm64": {
      "version": "0.13.13",
      "resolved": "http://af.hikvision.com.cn:80/artifactory/api/npm/npm-down/esbuild-windows-arm64/-/esbuild-windows-arm64-0.13.13.tgz",
      "integrity": "sha1-Bt+lKmsXilkyqabi/bJAwJ5toww=",
      "dev": true,
      "optional": true
    },
    "escape-string-regexp": {
      "version": "1.0.2",
      "resolved": "http://af.hikvision.com.cn:80/artifactory/api/npm/npm-down/escape-string-regexp/-/escape-string-regexp-1.0.2.tgz",
      "integrity": "sha1-Tbwv5nTnGUnK8/smlc5/LcHZqNE=",
      "dev": true
    },
    "estree-walker": {
      "version": "2.0.2",
      "resolved": "http://af.hikvision.com.cn:80/artifactory/api/npm/npm-down/estree-walker/-/estree-walker-2.0.2.tgz",
      "integrity": "sha1-UvAQF4wqTBF6d1fP6UKtt9LaTKw="
    },
    "foreach": {
      "version": "2.0.5",
      "resolved": "http://af.hikvision.com.cn:80/artifactory/api/npm/npm-down/foreach/-/foreach-2.0.5.tgz",
      "integrity": "sha1-C+4AUBiusmDQo6865ljdATbsG5k=",
      "dev": true
    },
    "formatio": {
      "version": "1.1.1",
      "resolved": "http://af.hikvision.com.cn:80/artifactory/api/npm/npm-down/formatio/-/formatio-1.1.1.tgz",
      "integrity": "sha1-XtPM1jZVEJc4NGXZlhmRAOhhYek=",
      "dev": true,
      "requires": {
        "samsam": "~1.1"
      }
    },
    "fsevents": {
      "version": "2.3.2",
      "resolved": "http://af.hikvision.com.cn:80/artifactory/api/npm/npm-down/fsevents/-/fsevents-2.3.2.tgz",
      "integrity": "sha1-ilJveLj99GI7cJ4Ll1xSwkwC/Ro=",
      "dev": true,
      "optional": true
    },
    "function-bind": {
      "version": "1.1.1",
      "resolved": "http://af.hikvision.com.cn:80/artifactory/api/npm/npm-down/function-bind/-/function-bind-1.1.1.tgz",
      "integrity": "sha1-pWiZ0+o8m6uHS7l3O3xe3pL0iV0=",
      "dev": true
    },
    "get-intrinsic": {
      "version": "1.1.1",
      "resolved": "http://af.hikvision.com.cn:80/artifactory/api/npm/npm-down/get-intrinsic/-/get-intrinsic-1.1.1.tgz",
      "integrity": "sha1-FfWfN2+FXERpY5SPDSTNNje0q8Y=",
      "dev": true,
      "requires": {
        "function-bind": "^1.1.1",
        "has": "^1.0.3",
        "has-symbols": "^1.0.1"
      }
    },
    "get-symbol-description": {
      "version": "1.0.0",
      "resolved": "http://af.hikvision.com.cn:80/artifactory/api/npm/npm-down/get-symbol-description/-/get-symbol-description-1.0.0.tgz",
      "integrity": "sha1-f9uByQAQH71WTdXxowr1qtweWNY=",
      "dev": true,
      "requires": {
        "call-bind": "^1.0.2",
        "get-intrinsic": "^1.1.1"
      }
    },
    "glob": {
      "version": "3.2.11",
      "resolved": "http://af.hikvision.com.cn:80/artifactory/api/npm/npm-down/glob/-/glob-3.2.11.tgz",
      "integrity": "sha1-Spc/Y1uRkPcV0QmH1cAP0oFevj0=",
      "dev": true,
      "requires": {
        "inherits": "2",
        "minimatch": "0.3"
      }
    },
    "growl": {
      "version": "1.9.2",
      "resolved": "http://af.hikvision.com.cn:80/artifactory/api/npm/npm-down/growl/-/growl-1.9.2.tgz",
      "integrity": "sha1-Dqd0NxXbjY3ixe3hd14bRayFwC8=",
      "dev": true
    },
    "has": {
      "version": "1.0.3",
      "resolved": "http://af.hikvision.com.cn:80/artifactory/api/npm/npm-down/has/-/has-1.0.3.tgz",
      "integrity": "sha1-ci18v8H2qoJB8W3YFOAR4fQeh5Y=",
      "dev": true,
      "requires": {
        "function-bind": "^1.1.1"
      }
    },
    "has-bigints": {
      "version": "1.0.1",
      "resolved": "http://af.hikvision.com.cn:80/artifactory/api/npm/npm-down/has-bigints/-/has-bigints-1.0.1.tgz",
      "integrity": "sha1-ZP5qywIGc+O3jbA1pa9pqp0HsRM=",
      "dev": true
    },
    "has-symbols": {
      "version": "1.0.2",
      "resolved": "http://af.hikvision.com.cn:80/artifactory/api/npm/npm-down/has-symbols/-/has-symbols-1.0.2.tgz",
      "integrity": "sha1-Fl0wcMADCXUqEjakeTMeOsVvFCM=",
      "dev": true
    },
    "has-tostringtag": {
      "version": "1.0.0",
      "resolved": "http://af.hikvision.com.cn:80/artifactory/api/npm/npm-down/has-tostringtag/-/has-tostringtag-1.0.0.tgz",
      "integrity": "sha1-fhM4GKfTlHNPlB5zw9P5KR5liyU=",
      "dev": true,
      "requires": {
        "has-symbols": "^1.0.2"
      }
    },
    "inherits": {
      "version": "2.0.4",
      "resolved": "http://af.hikvision.com.cn:80/artifactory/api/npm/npm-down/inherits/-/inherits-2.0.4.tgz",
      "integrity": "sha1-D6LGT5MpF8NDOg3tVTY6rjdBa3w=",
      "dev": true
    },
    "internal-slot": {
      "version": "1.0.3",
      "resolved": "http://af.hikvision.com.cn:80/artifactory/api/npm/npm-down/internal-slot/-/internal-slot-1.0.3.tgz",
      "integrity": "sha1-c0fjB97uovqsKsYgXUvH00ln9Zw=",
      "dev": true,
      "requires": {
        "get-intrinsic": "^1.1.0",
        "has": "^1.0.3",
        "side-channel": "^1.0.4"
      }
    },
    "is-arguments": {
      "version": "1.1.1",
      "resolved": "http://af.hikvision.com.cn:80/artifactory/api/npm/npm-down/is-arguments/-/is-arguments-1.1.1.tgz",
      "integrity": "sha1-FbP4j9oB8ql/7ITKdhpWDxI++ps=",
      "dev": true,
      "requires": {
        "call-bind": "^1.0.2",
        "has-tostringtag": "^1.0.0"
      }
    },
    "is-bigint": {
      "version": "1.0.4",
      "resolved": "http://af.hikvision.com.cn:80/artifactory/api/npm/npm-down/is-bigint/-/is-bigint-1.0.4.tgz",
      "integrity": "sha1-CBR6GHW8KzIAXUHM2Ckd/8ZpHfM=",
      "dev": true,
      "requires": {
        "has-bigints": "^1.0.1"
      }
    },
    "is-boolean-object": {
      "version": "1.1.2",
      "resolved": "http://af.hikvision.com.cn:80/artifactory/api/npm/npm-down/is-boolean-object/-/is-boolean-object-1.1.2.tgz",
      "integrity": "sha1-XG3CACRt2TIa5LiFoRS7H3X2Nxk=",
      "dev": true,
      "requires": {
        "call-bind": "^1.0.2",
        "has-tostringtag": "^1.0.0"
      }
    },
    "is-callable": {
      "version": "1.2.4",
      "resolved": "http://af.hikvision.com.cn:80/artifactory/api/npm/npm-down/is-callable/-/is-callable-1.2.4.tgz",
      "integrity": "sha1-RzAdWN0CWUB4ZVR4U99tYf5HGUU=",
      "dev": true
    },
    "is-core-module": {
      "version": "2.8.0",
      "resolved": "http://af.hikvision.com.cn:80/artifactory/api/npm/npm-down/is-core-module/-/is-core-module-2.8.0.tgz",
      "integrity": "sha1-AyEzbD0JJeSX/Zf12VyxFKXM1Ug=",
      "dev": true,
      "requires": {
        "has": "^1.0.3"
      }
    },
    "is-date-object": {
      "version": "1.0.5",
      "resolved": "http://af.hikvision.com.cn:80/artifactory/api/npm/npm-down/is-date-object/-/is-date-object-1.0.5.tgz",
      "integrity": "sha1-CEHVU25yTCVZe/bqYuG9OCmN8x8=",
      "dev": true,
      "requires": {
        "has-tostringtag": "^1.0.0"
      }
    },
    "is-generator-function": {
      "version": "1.0.10",
      "resolved": "http://af.hikvision.com.cn:80/artifactory/api/npm/npm-down/is-generator-function/-/is-generator-function-1.0.10.tgz",
      "integrity": "sha1-8VWLrxrBfg3up8BBXEODUf8rPHI=",
      "dev": true,
      "requires": {
        "has-tostringtag": "^1.0.0"
      }
    },
    "is-negative-zero": {
      "version": "2.0.1",
      "resolved": "http://af.hikvision.com.cn:80/artifactory/api/npm/npm-down/is-negative-zero/-/is-negative-zero-2.0.1.tgz",
      "integrity": "sha1-PedGwY3aIxkkGlNnWQjY92bxHCQ=",
      "dev": true
    },
    "is-number-object": {
      "version": "1.0.6",
      "resolved": "http://af.hikvision.com.cn:80/artifactory/api/npm/npm-down/is-number-object/-/is-number-object-1.0.6.tgz",
      "integrity": "sha1-anqvg4x/BoalC0VT9+VKlklOifA=",
      "dev": true,
      "requires": {
        "has-tostringtag": "^1.0.0"
      }
    },
    "is-regex": {
      "version": "1.1.4",
      "resolved": "http://af.hikvision.com.cn:80/artifactory/api/npm/npm-down/is-regex/-/is-regex-1.1.4.tgz",
      "integrity": "sha1-7vVmPNWfpMCuM5UFMj32hUuxWVg=",
      "dev": true,
      "requires": {
        "call-bind": "^1.0.2",
        "has-tostringtag": "^1.0.0"
      }
    },
    "is-shared-array-buffer": {
      "version": "1.0.1",
      "resolved": "http://af.hikvision.com.cn:80/artifactory/api/npm/npm-down/is-shared-array-buffer/-/is-shared-array-buffer-1.0.1.tgz",
      "integrity": "sha1-l7DIX72stZycRG/mU7gs8rW3z+Y=",
      "dev": true
    },
    "is-string": {
      "version": "1.0.7",
      "resolved": "http://af.hikvision.com.cn:80/artifactory/api/npm/npm-down/is-string/-/is-string-1.0.7.tgz",
      "integrity": "sha1-DdEr8gBvJVu1j2lREO/3SR7rwP0=",
      "dev": true,
      "requires": {
        "has-tostringtag": "^1.0.0"
      }
    },
    "is-symbol": {
      "version": "1.0.4",
      "resolved": "http://af.hikvision.com.cn:80/artifactory/api/npm/npm-down/is-symbol/-/is-symbol-1.0.4.tgz",
      "integrity": "sha1-ptrJO2NbBjymhyI23oiRClevE5w=",
      "dev": true,
      "requires": {
        "has-symbols": "^1.0.2"
      }
    },
    "is-typed-array": {
      "version": "1.1.8",
      "resolved": "http://af.hikvision.com.cn:80/artifactory/api/npm/npm-down/is-typed-array/-/is-typed-array-1.1.8.tgz",
      "integrity": "sha1-y6plhdx9tDMYvFuJUj6jhKb2Xnk=",
      "dev": true,
      "requires": {
        "available-typed-arrays": "^1.0.5",
        "call-bind": "^1.0.2",
        "es-abstract": "^1.18.5",
        "foreach": "^2.0.5",
        "has-tostringtag": "^1.0.0"
      }
    },
    "is-weakref": {
      "version": "1.0.1",
      "resolved": "http://af.hikvision.com.cn:80/artifactory/api/npm/npm-down/is-weakref/-/is-weakref-1.0.1.tgz",
      "integrity": "sha1-hC26TsF/qayYUN8tbvvBc3J08qI=",
      "dev": true,
      "requires": {
        "call-bind": "^1.0.0"
      }
    },
    "jade": {
      "version": "0.26.3",
      "resolved": "http://af.hikvision.com.cn:80/artifactory/api/npm/npm-down/jade/-/jade-0.26.3.tgz",
      "integrity": "sha1-jxDXl32NefL2/4YqgbBRPMslaGw=",
      "dev": true,
      "requires": {
        "commander": "0.6.1",
        "mkdirp": "0.3.0"
      },
      "dependencies": {
        "commander": {
          "version": "0.6.1",
          "resolved": "http://af.hikvision.com.cn:80/artifactory/api/npm/npm-down/commander/-/commander-0.6.1.tgz",
          "integrity": "sha1-+mihT2qUXVTbvlDYzbMyDp47GgY=",
          "dev": true
        },
        "mkdirp": {
          "version": "0.3.0",
          "resolved": "http://af.hikvision.com.cn:80/artifactory/api/npm/npm-down/mkdirp/-/mkdirp-0.3.0.tgz",
          "integrity": "sha1-G79asbqCevI1dRQ0kEJkVfSB/h4=",
          "dev": true
        }
      }
    },
    "lolex": {
      "version": "1.3.2",
      "resolved": "http://af.hikvision.com.cn:80/artifactory/api/npm/npm-down/lolex/-/lolex-1.3.2.tgz",
      "integrity": "sha1-fD2mL/yzDw9agKJWbKJORdigHzE=",
      "dev": true
    },
    "lru-cache": {
      "version": "2.7.3",
      "resolved": "http://af.hikvision.com.cn:80/artifactory/api/npm/npm-down/lru-cache/-/lru-cache-2.7.3.tgz",
      "integrity": "sha1-bUUk6LlV+V1PW1iFHOId1y+06VI=",
      "dev": true
    },
    "magic-string": {
      "version": "0.25.7",
      "resolved": "http://af.hikvision.com.cn:80/artifactory/api/npm/npm-down/magic-string/-/magic-string-0.25.7.tgz",
      "integrity": "sha1-P0l9b9NMZpxnmNy4IfLvMfVEUFE=",
      "requires": {
        "sourcemap-codec": "^1.4.4"
      }
    },
    "minimatch": {
      "version": "0.3.0",
      "resolved": "http://af.hikvision.com.cn:80/artifactory/api/npm/npm-down/minimatch/-/minimatch-0.3.0.tgz",
      "integrity": "sha1-J12O2qxPG7MyZHIInnlJyDlGmd0=",
      "dev": true,
      "requires": {
        "lru-cache": "2",
        "sigmund": "~1.0.0"
      }
    },
    "minimist": {
      "version": "0.0.8",
      "resolved": "http://af.hikvision.com.cn:80/artifactory/api/npm/npm-down/minimist/-/minimist-0.0.8.tgz",
      "integrity": "sha1-hX/Kv8M5fSYluCKCYuhqp6ARsF0=",
      "dev": true
    },
    "mkdirp": {
      "version": "0.5.1",
      "resolved": "http://af.hikvision.com.cn:80/artifactory/api/npm/npm-down/mkdirp/-/mkdirp-0.5.1.tgz",
      "integrity": "sha1-MAV0OOrGz3+MR2fzhkjWaX11yQM=",
      "dev": true,
      "requires": {
        "minimist": "0.0.8"
      }
    },
    "mocha": {
      "version": "2.5.3",
      "resolved": "http://af.hikvision.com.cn:80/artifactory/api/npm/npm-down/mocha/-/mocha-2.5.3.tgz",
      "integrity": "sha1-FhvlvetJZ3HrmzV0UFC2IrWu/Fg=",
      "dev": true,
      "requires": {
        "commander": "2.3.0",
        "debug": "2.2.0",
        "diff": "1.4.0",
        "escape-string-regexp": "1.0.2",
        "glob": "3.2.11",
        "growl": "1.9.2",
        "jade": "0.26.3",
        "mkdirp": "0.5.1",
        "supports-color": "1.2.0",
        "to-iso-string": "0.0.2"
      }
    },
    "ms": {
      "version": "0.7.1",
      "resolved": "http://af.hikvision.com.cn:80/artifactory/api/npm/npm-down/ms/-/ms-0.7.1.tgz",
      "integrity": "sha1-nNE8A62/8ltl7/3nzoZO6VIBcJg=",
      "dev": true
    },
    "nanoid": {
      "version": "3.1.30",
      "resolved": "http://af.hikvision.com.cn:80/artifactory/api/npm/npm-down/nanoid/-/nanoid-3.1.30.tgz",
      "integrity": "sha1-Y/k8xUjSoRPcXfvGO/oJ4rm2Q2I="
    },
    "object-inspect": {
      "version": "1.11.0",
      "resolved": "http://af.hikvision.com.cn:80/artifactory/api/npm/npm-down/object-inspect/-/object-inspect-1.11.0.tgz",
      "integrity": "sha1-nc6xRs7dQUig2eUauI00z1CZIrE=",
      "dev": true
    },
    "object-keys": {
      "version": "1.1.1",
      "resolved": "http://af.hikvision.com.cn:80/artifactory/api/npm/npm-down/object-keys/-/object-keys-1.1.1.tgz",
      "integrity": "sha1-HEfyct8nfzsdrwYWd9nILiMixg4=",
      "dev": true
    },
    "object.assign": {
      "version": "4.1.2",
      "resolved": "http://af.hikvision.com.cn:80/artifactory/api/npm/npm-down/object.assign/-/object.assign-4.1.2.tgz",
      "integrity": "sha1-DtVKNC7Os3s4/3brgxoOeIy2OUA=",
      "dev": true,
      "requires": {
        "call-bind": "^1.0.0",
        "define-properties": "^1.1.3",
        "has-symbols": "^1.0.1",
        "object-keys": "^1.1.1"
      }
    },
    "path-parse": {
      "version": "1.0.7",
      "resolved": "http://af.hikvision.com.cn:80/artifactory/api/npm/npm-down/path-parse/-/path-parse-1.0.7.tgz",
      "integrity": "sha1-+8EUtgykKzDZ2vWFjkvWi77bZzU=",
      "dev": true
    },
    "picocolors": {
      "version": "1.0.0",
      "resolved": "http://af.hikvision.com.cn:80/artifactory/api/npm/npm-down/picocolors/-/picocolors-1.0.0.tgz",
      "integrity": "sha1-y1vcdP8/UYkiNur3nWi8RFZKuBw="
    },
    "postcss": {
      "version": "8.3.11",
      "resolved": "http://af.hikvision.com.cn:80/artifactory/api/npm/npm-down/postcss/-/postcss-8.3.11.tgz",
      "integrity": "sha1-w77KfqgRzV4cSj7G0udZnvH4+Fg=",
      "requires": {
        "nanoid": "^3.1.30",
        "picocolors": "^1.0.0",
        "source-map-js": "^0.6.2"
      }
    },
    "promises-aplus-tests": {
      "version": "2.1.2",
      "resolved": "http://af.hikvision.com.cn:80/artifactory/api/npm/npm-down/promises-aplus-tests/-/promises-aplus-tests-2.1.2.tgz",
      "integrity": "sha1-drfFY4locghhlpz7zYeVr9J0iFw=",
      "dev": true,
      "requires": {
        "mocha": "^2.5.3",
        "sinon": "^1.10.3",
        "underscore": "~1.8.3"
      }
    },
    "resolve": {
      "version": "1.20.0",
      "resolved": "http://af.hikvision.com.cn:80/artifactory/api/npm/npm-down/resolve/-/resolve-1.20.0.tgz",
      "integrity": "sha1-YpoBP7P3B1XW8LeTXMHCxTeLGXU=",
      "dev": true,
      "requires": {
        "is-core-module": "^2.2.0",
        "path-parse": "^1.0.6"
      }
    },
    "rollup": {
      "version": "2.60.0",
      "resolved": "http://af.hikvision.com.cn:80/artifactory/api/npm/npm-down/rollup/-/rollup-2.60.0.tgz",
      "integrity": "sha1-TuYKt73QNWdj+H1wmfQT5UYPwZM=",
      "dev": true,
      "requires": {
        "fsevents": "~2.3.2"
      }
    },
    "safe-buffer": {
      "version": "5.2.1",
      "resolved": "http://af.hikvision.com.cn:80/artifactory/api/npm/npm-down/safe-buffer/-/safe-buffer-5.2.1.tgz",
      "integrity": "sha1-Hq+fqb2x/dTsdfWPnNtOa3gn7sY=",
      "dev": true
    },
    "samsam": {
      "version": "1.1.2",
      "resolved": "http://af.hikvision.com.cn:80/artifactory/api/npm/npm-down/samsam/-/samsam-1.1.2.tgz",
      "integrity": "sha1-vsEf3IOp/aBjQBIQ5AF2wwJNFWc=",
      "dev": true
    },
    "side-channel": {
      "version": "1.0.4",
      "resolved": "http://af.hikvision.com.cn:80/artifactory/api/npm/npm-down/side-channel/-/side-channel-1.0.4.tgz",
      "integrity": "sha1-785cj9wQTudRslxY1CkAEfpeos8=",
      "dev": true,
      "requires": {
        "call-bind": "^1.0.0",
        "get-intrinsic": "^1.0.2",
        "object-inspect": "^1.9.0"
      }
    },
    "sigmund": {
      "version": "1.0.1",
      "resolved": "http://af.hikvision.com.cn:80/artifactory/api/npm/npm-down/sigmund/-/sigmund-1.0.1.tgz",
      "integrity": "sha1-P/IfGYytIXX587eBhT/ZTQ0ZtZA=",
      "dev": true
    },
    "sinon": {
      "version": "1.17.7",
      "resolved": "http://af.hikvision.com.cn:80/artifactory/api/npm/npm-down/sinon/-/sinon-1.17.7.tgz",
      "integrity": "sha1-RUKk9JugxFwF6y6d2dID4rjv4L8=",
      "dev": true,
      "requires": {
        "formatio": "1.1.1",
        "lolex": "1.3.2",
        "samsam": "1.1.2",
        "util": ">=0.10.3 <1"
      }
    },
    "source-map": {
      "version": "0.6.1",
      "resolved": "http://af.hikvision.com.cn:80/artifactory/api/npm/npm-down/source-map/-/source-map-0.6.1.tgz",
      "integrity": "sha1-dHIq8y6WFOnCh6jQu95IteLxomM="
    },
    "source-map-js": {
      "version": "0.6.2",
      "resolved": "http://af.hikvision.com.cn:80/artifactory/api/npm/npm-down/source-map-js/-/source-map-js-0.6.2.tgz",
      "integrity": "sha1-C7XeYxtBz72mz7qL0FqA79/SOF4="
    },
    "sourcemap-codec": {
      "version": "1.4.8",
      "resolved": "http://af.hikvision.com.cn:80/artifactory/api/npm/npm-down/sourcemap-codec/-/sourcemap-codec-1.4.8.tgz",
      "integrity": "sha1-6oBL2UhXQC5pktBaOO8a41qatMQ="
    },
    "string.prototype.trimend": {
      "version": "1.0.4",
      "resolved": "http://af.hikvision.com.cn:80/artifactory/api/npm/npm-down/string.prototype.trimend/-/string.prototype.trimend-1.0.4.tgz",
      "integrity": "sha1-51rpDClCxjUEaGwYsoe0oLGkX4A=",
      "dev": true,
      "requires": {
        "call-bind": "^1.0.2",
        "define-properties": "^1.1.3"
      }
    },
    "string.prototype.trimstart": {
      "version": "1.0.4",
      "resolved": "http://af.hikvision.com.cn:80/artifactory/api/npm/npm-down/string.prototype.trimstart/-/string.prototype.trimstart-1.0.4.tgz",
      "integrity": "sha1-s2OZr0qymZtMnGSL16P7K7Jv7u0=",
      "dev": true,
      "requires": {
        "call-bind": "^1.0.2",
        "define-properties": "^1.1.3"
      }
    },
    "supports-color": {
      "version": "1.2.0",
      "resolved": "http://af.hikvision.com.cn:80/artifactory/api/npm/npm-down/supports-color/-/supports-color-1.2.0.tgz",
      "integrity": "sha1-/x7R5hFp0Gs88tWI4YixjYhH4X4=",
      "dev": true
    },
    "to-iso-string": {
      "version": "0.0.2",
      "resolved": "http://af.hikvision.com.cn:80/artifactory/api/npm/npm-down/to-iso-string/-/to-iso-string-0.0.2.tgz",
      "integrity": "sha1-TcGeZk38y+Jb2NtQiwDG2hWCVdE=",
      "dev": true
    },
    "unbox-primitive": {
      "version": "1.0.1",
      "resolved": "http://af.hikvision.com.cn:80/artifactory/api/npm/npm-down/unbox-primitive/-/unbox-primitive-1.0.1.tgz",
      "integrity": "sha1-CF4hViXsMWJXTciFmr7nilmxRHE=",
      "dev": true,
      "requires": {
        "function-bind": "^1.1.1",
        "has-bigints": "^1.0.1",
        "has-symbols": "^1.0.2",
        "which-boxed-primitive": "^1.0.2"
      }
    },
    "underscore": {
      "version": "1.8.3",
      "resolved": "http://af.hikvision.com.cn:80/artifactory/api/npm/npm-down/underscore/-/underscore-1.8.3.tgz",
      "integrity": "sha1-Tz+1OxBuYJf8+ctBCfKl6b36UCI=",
      "dev": true
    },
    "util": {
      "version": "0.12.4",
      "resolved": "http://af.hikvision.com.cn:80/artifactory/api/npm/npm-down/util/-/util-0.12.4.tgz",
      "integrity": "sha1-ZhIaMUIN+PAcoMRkvhXfodGFAlM=",
      "dev": true,
      "requires": {
        "inherits": "^2.0.3",
        "is-arguments": "^1.0.4",
        "is-generator-function": "^1.0.7",
        "is-typed-array": "^1.1.3",
        "safe-buffer": "^5.1.2",
        "which-typed-array": "^1.1.2"
      }
    },
    "vite": {
      "version": "2.6.14",
      "resolved": "http://af.hikvision.com.cn:80/artifactory/api/npm/npm-down/vite/-/vite-2.6.14.tgz",
      "integrity": "sha1-NcCaFeTfgjQQgZoqI5qxHvsYYnE=",
      "dev": true,
      "requires": {
        "esbuild": "^0.13.2",
        "fsevents": "~2.3.2",
        "postcss": "^8.3.8",
        "resolve": "^1.20.0",
        "rollup": "^2.57.0"
      }
    },
    "vue": {
      "version": "3.2.22",
      "resolved": "http://af.hikvision.com.cn:80/artifactory/api/npm/npm-down/vue/-/vue-3.2.22.tgz",
      "integrity": "sha1-RuTdiemMxLhRrh6zXwDO1BOjS7c=",
      "requires": {
        "@vue/compiler-dom": "3.2.22",
        "@vue/compiler-sfc": "3.2.22",
        "@vue/runtime-dom": "3.2.22",
        "@vue/server-renderer": "3.2.22",
        "@vue/shared": "3.2.22"
      }
    },
    "which-boxed-primitive": {
      "version": "1.0.2",
      "resolved": "http://af.hikvision.com.cn:80/artifactory/api/npm/npm-down/which-boxed-primitive/-/which-boxed-primitive-1.0.2.tgz",
      "integrity": "sha1-E3V7yJsgmwSf5dhkMOIc9AqJqOY=",
      "dev": true,
      "requires": {
        "is-bigint": "^1.0.1",
        "is-boolean-object": "^1.1.0",
        "is-number-object": "^1.0.4",
        "is-string": "^1.0.5",
        "is-symbol": "^1.0.3"
      }
    },
    "which-typed-array": {
      "version": "1.1.7",
      "resolved": "http://af.hikvision.com.cn:80/artifactory/api/npm/npm-down/which-typed-array/-/which-typed-array-1.1.7.tgz",
      "integrity": "sha1-J2F5m5oi1LhmCzwbQKuqdzlpF5M=",
      "dev": true,
      "requires": {
        "available-typed-arrays": "^1.0.5",
        "call-bind": "^1.0.2",
        "es-abstract": "^1.18.5",
        "foreach": "^2.0.5",
        "has-tostringtag": "^1.0.0",
        "is-typed-array": "^1.1.7"
      }
    }
  }
}
